// !$*UTF8*$!
{
	archiveVersion = 1;
	classes = {
	};
	objectVersion = 42;
	objects = {

/* Begin PBXBuildFile section */
		5B0CD7000C1FA7B700FB6330 /* Carbon.framework in Frameworks */ = {isa = PBXBuildFile; fileRef = 5B0CD6FF0C1FA7B700FB6330 /* Carbon.framework */; };
		5B102D700C3C04C800514E74 /* license.txt in Resources */ = {isa = PBXBuildFile; fileRef = 5B102D6F0C3C04C800514E74 /* license.txt */; };
		5B2179AC0C09D6C5003D84DA /* AppleRemote.m in Sources */ = {isa = PBXBuildFile; fileRef = 5BF9B75709C243FD00EFA68D /* AppleRemote.m */; };
		5B2179AD0C09D6C9003D84DA /* HIDRemoteControlDevice.m in Sources */ = {isa = PBXBuildFile; fileRef = 5B92775E0B78CABC0058AA16 /* HIDRemoteControlDevice.m */; };
		5B2179AF0C09D6CF003D84DA /* MultiClickRemoteBehavior.m in Sources */ = {isa = PBXBuildFile; fileRef = 5B92749B0B78B3750058AA16 /* MultiClickRemoteBehavior.m */; };
		5B2179B00C09D6D0003D84DA /* RemoteControl.m in Sources */ = {isa = PBXBuildFile; fileRef = 5B9274A00B78B3B20058AA16 /* RemoteControl.m */; };
		5B5033D6108EE854005EE1AB /* README.markdown in Resources */ = {isa = PBXBuildFile; fileRef = 5B5033D5108EE854005EE1AB /* README.markdown */; };
		5B7B50F309C218D1009158D3 /* IOKit.framework in Frameworks */ = {isa = PBXBuildFile; fileRef = 5B7B50F209C218D1009158D3 /* IOKit.framework */; };
		5BF9B62109C2224600EFA68D /* System.framework in Frameworks */ = {isa = PBXBuildFile; fileRef = 5BF9B62009C2224600EFA68D /* System.framework */; };
		5BF9B9D809C9B00900EFA68D /* MainController.m in Sources */ = {isa = PBXBuildFile; fileRef = 5BF9B9D709C9B00900EFA68D /* MainController.m */; };
		5BF9BA8109C9BA2200EFA68D /* RemoteFeedbackView.m in Sources */ = {isa = PBXBuildFile; fileRef = 5BF9BA8009C9BA2200EFA68D /* RemoteFeedbackView.m */; };
		5BF9BC9509C9D23B00EFA68D /* AppleRemote.tiff in Resources */ = {isa = PBXBuildFile; fileRef = 5BF9BC9409C9D23B00EFA68D /* AppleRemote.tiff */; };
		8D11072A0486CEB800E47090 /* MainMenu.nib in Resources */ = {isa = PBXBuildFile; fileRef = 29B97318FDCFA39411CA2CEA /* MainMenu.nib */; };
		8D11072B0486CEB800E47090 /* InfoPlist.strings in Resources */ = {isa = PBXBuildFile; fileRef = 089C165CFE840E0CC02AAC07 /* InfoPlist.strings */; };
		8D11072D0486CEB800E47090 /* main.m in Sources */ = {isa = PBXBuildFile; fileRef = 29B97316FDCFA39411CA2CEA /* main.m */; settings = {ATTRIBUTES = (); }; };
		8D11072F0486CEB800E47090 /* Cocoa.framework in Frameworks */ = {isa = PBXBuildFile; fileRef = 1058C7A1FEA54F0111CA2CBB /* Cocoa.framework */; };
/* End PBXBuildFile section */

/* Begin PBXCopyFilesBuildPhase section */
		5B9279A70B78D63F0058AA16 /* CopyFiles */ = {
			isa = PBXCopyFilesBuildPhase;
			buildActionMask = 2147483647;
			dstPath = "";
			dstSubfolderSpec = 10;
			files = (
			);
			runOnlyForDeploymentPostprocessing = 0;
		};
/* End PBXCopyFilesBuildPhase section */

/* Begin PBXFileReference section */
		089C165DFE840E0CC02AAC07 /* English */ = {isa = PBXFileReference; fileEncoding = 10; lastKnownFileType = text.plist.strings; name = English; path = English.lproj/InfoPlist.strings; sourceTree = "<group>"; };
		1058C7A1FEA54F0111CA2CBB /* Cocoa.framework */ = {isa = PBXFileReference; lastKnownFileType = wrapper.framework; name = Cocoa.framework; path = /System/Library/Frameworks/Cocoa.framework; sourceTree = "<absolute>"; };
		13E42FB307B3F0F600E4EEF1 /* CoreData.framework */ = {isa = PBXFileReference; lastKnownFileType = wrapper.framework; name = CoreData.framework; path = /System/Library/Frameworks/CoreData.framework; sourceTree = "<absolute>"; };
		29B97316FDCFA39411CA2CEA /* main.m */ = {isa = PBXFileReference; fileEncoding = 4; lastKnownFileType = sourcecode.c.objc; path = main.m; sourceTree = "<group>"; };
		29B97319FDCFA39411CA2CEA /* English */ = {isa = PBXFileReference; lastKnownFileType = wrapper.nib; name = English; path = English.lproj/MainMenu.nib; sourceTree = "<group>"; };
		29B97324FDCFA39411CA2CEA /* AppKit.framework */ = {isa = PBXFileReference; lastKnownFileType = wrapper.framework; name = AppKit.framework; path = /System/Library/Frameworks/AppKit.framework; sourceTree = "<absolute>"; };
		29B97325FDCFA39411CA2CEA /* Foundation.framework */ = {isa = PBXFileReference; lastKnownFileType = wrapper.framework; name = Foundation.framework; path = /System/Library/Frameworks/Foundation.framework; sourceTree = "<absolute>"; };
		5B0023230C5628C400FB1521 /* RemoteControlWrapper_Prefix.pch */ = {isa = PBXFileReference; fileEncoding = 30; lastKnownFileType = sourcecode.c.h; path = RemoteControlWrapper_Prefix.pch; sourceTree = "<group>"; };
		5B0CD6FF0C1FA7B700FB6330 /* Carbon.framework */ = {isa = PBXFileReference; lastKnownFileType = wrapper.framework; name = Carbon.framework; path = /System/Library/Frameworks/Carbon.framework; sourceTree = "<absolute>"; };
		5B102D6F0C3C04C800514E74 /* license.txt */ = {isa = PBXFileReference; fileEncoding = 30; lastKnownFileType = text; path = license.txt; sourceTree = "<group>"; };
		5B5033D5108EE854005EE1AB /* README.markdown */ = {isa = PBXFileReference; fileEncoding = 4; lastKnownFileType = text; path = README.markdown; sourceTree = "<group>"; };
		5B7B50F209C218D1009158D3 /* IOKit.framework */ = {isa = PBXFileReference; lastKnownFileType = wrapper.framework; name = IOKit.framework; path = /System/Library/Frameworks/IOKit.framework; sourceTree = "<absolute>"; };
		5B92749A0B78B3750058AA16 /* MultiClickRemoteBehavior.h */ = {isa = PBXFileReference; fileEncoding = 4; lastKnownFileType = sourcecode.c.h; path = MultiClickRemoteBehavior.h; sourceTree = "<group>"; };
		5B92749B0B78B3750058AA16 /* MultiClickRemoteBehavior.m */ = {isa = PBXFileReference; fileEncoding = 4; lastKnownFileType = sourcecode.c.objc; path = MultiClickRemoteBehavior.m; sourceTree = "<group>"; };
		5B92749F0B78B3B20058AA16 /* RemoteControl.h */ = {isa = PBXFileReference; fileEncoding = 4; lastKnownFileType = sourcecode.c.h; path = RemoteControl.h; sourceTree = "<group>"; };
		5B9274A00B78B3B20058AA16 /* RemoteControl.m */ = {isa = PBXFileReference; fileEncoding = 4; lastKnownFileType = sourcecode.c.objc; path = RemoteControl.m; sourceTree = "<group>"; };
		5B92775D0B78CABC0058AA16 /* HIDRemoteControlDevice.h */ = {isa = PBXFileReference; fileEncoding = 4; lastKnownFileType = sourcecode.c.h; path = HIDRemoteControlDevice.h; sourceTree = "<group>"; };
		5B92775E0B78CABC0058AA16 /* HIDRemoteControlDevice.m */ = {isa = PBXFileReference; fileEncoding = 4; lastKnownFileType = sourcecode.c.objc; path = HIDRemoteControlDevice.m; sourceTree = "<group>"; };
		5BF9B62009C2224600EFA68D /* System.framework */ = {isa = PBXFileReference; lastKnownFileType = wrapper.framework; name = System.framework; path = /System/Library/Frameworks/System.framework; sourceTree = "<absolute>"; };
		5BF9B75609C243FD00EFA68D /* AppleRemote.h */ = {isa = PBXFileReference; fileEncoding = 4; lastKnownFileType = sourcecode.c.h; path = AppleRemote.h; sourceTree = "<group>"; };
		5BF9B75709C243FD00EFA68D /* AppleRemote.m */ = {isa = PBXFileReference; fileEncoding = 4; lastKnownFileType = sourcecode.c.objc; path = AppleRemote.m; sourceTree = "<group>"; };
		5BF9B9D609C9B00900EFA68D /* MainController.h */ = {isa = PBXFileReference; fileEncoding = 4; lastKnownFileType = sourcecode.c.h; path = MainController.h; sourceTree = "<group>"; };
		5BF9B9D709C9B00900EFA68D /* MainController.m */ = {isa = PBXFileReference; fileEncoding = 4; lastKnownFileType = sourcecode.c.objc; path = MainController.m; sourceTree = "<group>"; };
		5BF9BA7F09C9BA2200EFA68D /* RemoteFeedbackView.h */ = {isa = PBXFileReference; fileEncoding = 30; lastKnownFileType = sourcecode.c.h; path = RemoteFeedbackView.h; sourceTree = "<group>"; };
		5BF9BA8009C9BA2200EFA68D /* RemoteFeedbackView.m */ = {isa = PBXFileReference; fileEncoding = 30; lastKnownFileType = sourcecode.c.objc; path = RemoteFeedbackView.m; sourceTree = "<group>"; };
		5BF9BC9409C9D23B00EFA68D /* AppleRemote.tiff */ = {isa = PBXFileReference; lastKnownFileType = image.tiff; path = AppleRemote.tiff; sourceTree = "<group>"; };
		8D1107310486CEB800E47090 /* Info.plist */ = {isa = PBXFileReference; fileEncoding = 4; lastKnownFileType = text.plist; path = Info.plist; sourceTree = "<group>"; };
		8D1107320486CEB800E47090 /* AppleRemote.app */ = {isa = PBXFileReference; explicitFileType = wrapper.application; includeInIndex = 0; path = AppleRemote.app; sourceTree = BUILT_PRODUCTS_DIR; };
/* End PBXFileReference section */

/* Begin PBXFrameworksBuildPhase section */
		8D11072E0486CEB800E47090 /* Frameworks */ = {
			isa = PBXFrameworksBuildPhase;
			buildActionMask = 2147483647;
			files = (
				8D11072F0486CEB800E47090 /* Cocoa.framework in Frameworks */,
				5B7B50F309C218D1009158D3 /* IOKit.framework in Frameworks */,
				5BF9B62109C2224600EFA68D /* System.framework in Frameworks */,
				5B0CD7000C1FA7B700FB6330 /* Carbon.framework in Frameworks */,
			);
			runOnlyForDeploymentPostprocessing = 0;
		};
/* End PBXFrameworksBuildPhase section */

/* Begin PBXGroup section */
		080E96DDFE201D6D7F000001 /* Test Client */ = {
			isa = PBXGroup;
			children = (
				5BF9B9D609C9B00900EFA68D /* MainController.h */,
				5BF9B9D709C9B00900EFA68D /* MainController.m */,
				5BF9BA7F09C9BA2200EFA68D /* RemoteFeedbackView.h */,
				5BF9BA8009C9BA2200EFA68D /* RemoteFeedbackView.m */,
			);
			name = "Test Client";
			sourceTree = "<group>";
		};
		1058C7A0FEA54F0111CA2CBB /* Linked Frameworks */ = {
			isa = PBXGroup;
			children = (
				1058C7A1FEA54F0111CA2CBB /* Cocoa.framework */,
			);
			name = "Linked Frameworks";
			sourceTree = "<group>";
		};
		1058C7A2FEA54F0111CA2CBB /* Other Frameworks */ = {
			isa = PBXGroup;
			children = (
				29B97324FDCFA39411CA2CEA /* AppKit.framework */,
				13E42FB307B3F0F600E4EEF1 /* CoreData.framework */,
				29B97325FDCFA39411CA2CEA /* Foundation.framework */,
			);
			name = "Other Frameworks";
			sourceTree = "<group>";
		};
		19C28FACFE9D520D11CA2CBB /* Products */ = {
			isa = PBXGroup;
			children = (
				8D1107320486CEB800E47090 /* AppleRemote.app */,
			);
			name = Products;
			sourceTree = "<group>";
		};
		29B97314FDCFA39411CA2CEA /* AppleRemote */ = {
			isa = PBXGroup;
			children = (
				5B5033D5108EE854005EE1AB /* README.markdown */,
				5B102D6F0C3C04C800514E74 /* license.txt */,
				5B8D4E000C55DF0F008A1C8A /* Remote Control */,
				080E96DDFE201D6D7F000001 /* Test Client */,
				29B97315FDCFA39411CA2CEA /* Other Sources */,
				29B97317FDCFA39411CA2CEA /* Resources */,
				29B97323FDCFA39411CA2CEA /* Frameworks */,
				19C28FACFE9D520D11CA2CBB /* Products */,
			);
			name = AppleRemote;
			sourceTree = "<group>";
		};
		29B97315FDCFA39411CA2CEA /* Other Sources */ = {
			isa = PBXGroup;
			children = (
				5B0023230C5628C400FB1521 /* RemoteControlWrapper_Prefix.pch */,
				29B97316FDCFA39411CA2CEA /* main.m */,
			);
			name = "Other Sources";
			sourceTree = "<group>";
		};
		29B97317FDCFA39411CA2CEA /* Resources */ = {
			isa = PBXGroup;
			children = (
				5BF9BC9409C9D23B00EFA68D /* AppleRemote.tiff */,
				8D1107310486CEB800E47090 /* Info.plist */,
				089C165CFE840E0CC02AAC07 /* InfoPlist.strings */,
				29B97318FDCFA39411CA2CEA /* MainMenu.nib */,
			);
			name = Resources;
			sourceTree = "<group>";
		};
		29B97323FDCFA39411CA2CEA /* Frameworks */ = {
			isa = PBXGroup;
			children = (
				5B0CD6FF0C1FA7B700FB6330 /* Carbon.framework */,
				5BF9B62009C2224600EFA68D /* System.framework */,
				5B7B50F209C218D1009158D3 /* IOKit.framework */,
				1058C7A0FEA54F0111CA2CBB /* Linked Frameworks */,
				1058C7A2FEA54F0111CA2CBB /* Other Frameworks */,
			);
			name = Frameworks;
			sourceTree = "<group>";
		};
		5B8D4E000C55DF0F008A1C8A /* Remote Control */ = {
			isa = PBXGroup;
			children = (
				5B92749F0B78B3B20058AA16 /* RemoteControl.h */,
				5B9274A00B78B3B20058AA16 /* RemoteControl.m */,
				5B92775D0B78CABC0058AA16 /* HIDRemoteControlDevice.h */,
				5B92775E0B78CABC0058AA16 /* HIDRemoteControlDevice.m */,
				5BF9B75609C243FD00EFA68D /* AppleRemote.h */,
				5BF9B75709C243FD00EFA68D /* AppleRemote.m */,
				5B92749A0B78B3750058AA16 /* MultiClickRemoteBehavior.h */,
				5B92749B0B78B3750058AA16 /* MultiClickRemoteBehavior.m */,
			);
			name = "Remote Control";
			sourceTree = "<group>";
		};
/* End PBXGroup section */

/* Begin PBXNativeTarget section */
		8D1107260486CEB800E47090 /* RemoteControlWrapper */ = {
			isa = PBXNativeTarget;
			buildConfigurationList = C01FCF4A08A954540054247B /* Build configuration list for PBXNativeTarget "RemoteControlWrapper" */;
			buildPhases = (
				8D1107290486CEB800E47090 /* Resources */,
				8D11072C0486CEB800E47090 /* Sources */,
				8D11072E0486CEB800E47090 /* Frameworks */,
				5B9279A70B78D63F0058AA16 /* CopyFiles */,
			);
			buildRules = (
			);
			dependencies = (
			);
			name = RemoteControlWrapper;
			productInstallPath = "$(HOME)/Applications";
			productName = AppleRemote;
			productReference = 8D1107320486CEB800E47090 /* AppleRemote.app */;
			productType = "com.apple.product-type.application";
		};
/* End PBXNativeTarget section */

/* Begin PBXProject section */
		29B97313FDCFA39411CA2CEA /* Project object */ = {
			isa = PBXProject;
			buildConfigurationList = C01FCF4E08A954540054247B /* Build configuration list for PBXProject "RemoteControlWrapper" */;
			compatibilityVersion = "Xcode 2.4";
			hasScannedForEncodings = 1;
			mainGroup = 29B97314FDCFA39411CA2CEA /* AppleRemote */;
			projectDirPath = "";
			projectRoot = "";
			targets = (
				8D1107260486CEB800E47090 /* RemoteControlWrapper */,
			);
		};
/* End PBXProject section */

/* Begin PBXResourcesBuildPhase section */
		8D1107290486CEB800E47090 /* Resources */ = {
			isa = PBXResourcesBuildPhase;
			buildActionMask = 2147483647;
			files = (
				8D11072A0486CEB800E47090 /* MainMenu.nib in Resources */,
				8D11072B0486CEB800E47090 /* InfoPlist.strings in Resources */,
				5BF9BC9509C9D23B00EFA68D /* AppleRemote.tiff in Resources */,
				5B102D700C3C04C800514E74 /* license.txt in Resources */,
				5B5033D6108EE854005EE1AB /* README.markdown in Resources */,
			);
			runOnlyForDeploymentPostprocessing = 0;
		};
/* End PBXResourcesBuildPhase section */

/* Begin PBXSourcesBuildPhase section */
		8D11072C0486CEB800E47090 /* Sources */ = {
			isa = PBXSourcesBuildPhase;
			buildActionMask = 2147483647;
			files = (
				8D11072D0486CEB800E47090 /* main.m in Sources */,
				5BF9B9D809C9B00900EFA68D /* MainController.m in Sources */,
				5BF9BA8109C9BA2200EFA68D /* RemoteFeedbackView.m in Sources */,
				5B2179AC0C09D6C5003D84DA /* AppleRemote.m in Sources */,
				5B2179AD0C09D6C9003D84DA /* HIDRemoteControlDevice.m in Sources */,
				5B2179AF0C09D6CF003D84DA /* MultiClickRemoteBehavior.m in Sources */,
				5B2179B00C09D6D0003D84DA /* RemoteControl.m in Sources */,
			);
			runOnlyForDeploymentPostprocessing = 0;
		};
/* End PBXSourcesBuildPhase section */

/* Begin PBXVariantGroup section */
		089C165CFE840E0CC02AAC07 /* InfoPlist.strings */ = {
			isa = PBXVariantGroup;
			children = (
				089C165DFE840E0CC02AAC07 /* English */,
			);
			name = InfoPlist.strings;
			sourceTree = "<group>";
		};
		29B97318FDCFA39411CA2CEA /* MainMenu.nib */ = {
			isa = PBXVariantGroup;
			children = (
				29B97319FDCFA39411CA2CEA /* English */,
			);
			name = MainMenu.nib;
			sourceTree = "<group>";
		};
/* End PBXVariantGroup section */

/* Begin XCBuildConfiguration section */
		C01FCF4B08A954540054247B /* Debug */ = {
			isa = XCBuildConfiguration;
			buildSettings = {
				COPY_PHASE_STRIP = NO;
				GCC_DYNAMIC_NO_PIC = NO;
				GCC_ENABLE_FIX_AND_CONTINUE = YES;
				GCC_MODEL_TUNING = G5;
				GCC_OPTIMIZATION_LEVEL = 0;
				INFOPLIST_FILE = Info.plist;
				INSTALL_PATH = "$(HOME)/Applications";
				PRODUCT_NAME = AppleRemote;
				WRAPPER_EXTENSION = app;
				ZERO_LINK = YES;
			};
			name = Debug;
		};
		C01FCF4C08A954540054247B /* Release */ = {
			isa = XCBuildConfiguration;
			buildSettings = {
				ARCHS = (
					ppc,
					i386,
				);
				GCC_GENERATE_DEBUGGING_SYMBOLS = NO;
				GCC_MODEL_TUNING = G5;
				INFOPLIST_FILE = Info.plist;
				INSTALL_PATH = "$(HOME)/Applications";
				PRODUCT_NAME = AppleRemote;
				WRAPPER_EXTENSION = app;
			};
			name = Release;
		};
		C01FCF4F08A954540054247B /* Debug */ = {
			isa = XCBuildConfiguration;
			buildSettings = {
				DEBUG_INFORMATION_FORMAT = dwarf;
				GCC_ENABLE_OBJC_EXCEPTIONS = YES;
				GCC_ENABLE_SYMBOL_SEPARATION = NO;
				GCC_VERSION = 4.0;
				GCC_WARN_ABOUT_RETURN_TYPE = YES;
				GCC_WARN_UNUSED_FUNCTION = NO;
				GCC_WARN_UNUSED_LABEL = YES;
				GCC_WARN_UNUSED_PARAMETER = NO;
				GCC_WARN_UNUSED_VALUE = YES;
				GCC_WARN_UNUSED_VARIABLE = YES;
				PREBINDING = NO;
			};
			name = Debug;
		};
		C01FCF5008A954540054247B /* Release */ = {
			isa = XCBuildConfiguration;
			buildSettings = {
				ARCHS = "$(ARCHS_STANDARD_32_BIT_PRE_XCODE_3_1)";
				ARCHS_STANDARD_32_BIT_PRE_XCODE_3_1 = "ppc i386";
				DEBUG_INFORMATION_FORMAT = "dwarf-with-dsym";
				GCC_ENABLE_OBJC_EXCEPTIONS = YES;
				GCC_ENABLE_SYMBOL_SEPARATION = NO;
				GCC_VERSION = 4.0;
				GCC_WARN_ABOUT_RETURN_TYPE = YES;
				GCC_WARN_UNUSED_VARIABLE = YES;
				PREBINDING = NO;
			};
			name = Release;
		};
/* End XCBuildConfiguration section */

/* Begin XCConfigurationList section */
		C01FCF4A08A954540054247B /* Build configuration list for PBXNativeTarget "RemoteControlWrapper" */ = {
			isa = XCConfigurationList;
			buildConfigurations = (
				C01FCF4B08A954540054247B /* Debug */,
				C01FCF4C08A954540054247B /* Release */,
			);
			defaultConfigurationIsVisible = 0;
			defaultConfigurationName = Release;
		};
		C01FCF4E08A954540054247B /* Build configuration list for PBXProject "RemoteControlWrapper" */ = {
			isa = XCConfigurationList;
			buildConfigurations = (
				C01FCF4F08A954540054247B /* Debug */,
				C01FCF5008A954540054247B /* Release */,
			);
			defaultConfigurationIsVisible = 0;
			defaultConfigurationName = Release;
		};
/* End XCConfigurationList section */
	};
	rootObject = 29B97313FDCFA39411CA2CEA /* Project object */;
}
